// !$*UTF8*$!
{
	archiveVersion = 1;
	classes = {
	};
	objectVersion = 48;
	objects = {

/* Begin PBXBuildFile section */
		7A1FFF181F4AA6E500ED1286 /* LaunchScreen.storyboard in Resources */ = {isa = PBXBuildFile; fileRef = 7A7F346D1F451C1000A43DD7 /* LaunchScreen.storyboard */; };
		7A613EA11F4AA293002C8879 /* Info.plist in Resources */ = {isa = PBXBuildFile; fileRef = 7A7F34651F4516DC00A43DD7 /* Info.plist */; };
		7A7F345A1F4516DC00A43DD7 /* AppDelegate.swift in Sources */ = {isa = PBXBuildFile; fileRef = 7A7F34591F4516DC00A43DD7 /* AppDelegate.swift */; };
		7A7F345C1F4516DC00A43DD7 /* ViewController.swift in Sources */ = {isa = PBXBuildFile; fileRef = 7A7F345B1F4516DC00A43DD7 /* ViewController.swift */; };
		7A7F34611F4516DC00A43DD7 /* Assets.xcassets in Resources */ = {isa = PBXBuildFile; fileRef = 7A7F34601F4516DC00A43DD7 /* Assets.xcassets */; };
		7A7F34711F451CE800A43DD7 /* Main.storyboard in Resources */ = {isa = PBXBuildFile; fileRef = 7A7F346F1F451C1000A43DD7 /* Main.storyboard */; };
		7A7F34761F45269A00A43DD7 /* usavskorea.mp3 in Resources */ = {isa = PBXBuildFile; fileRef = 7A7F34731F45218F00A43DD7 /* usavskorea.mp3 */; };
		7A80ECE11F4A44A900301254 /* GoogleMobileAds.framework in Frameworks */ = {isa = PBXBuildFile; fileRef = 7A80ECE01F4A449C00301254 /* GoogleMobileAds.framework */; };
/* End PBXBuildFile section */

/* Begin PBXFileReference section */
		7A7F34561F4516DC00A43DD7 /* TrumpVsKimBattle.app */ = {isa = PBXFileReference; explicitFileType = wrapper.application; includeInIndex = 0; path = TrumpVsKimBattle.app; sourceTree = BUILT_PRODUCTS_DIR; };
		7A7F34591F4516DC00A43DD7 /* AppDelegate.swift */ = {isa = PBXFileReference; lastKnownFileType = sourcecode.swift; path = AppDelegate.swift; sourceTree = "<group>"; };
		7A7F345B1F4516DC00A43DD7 /* ViewController.swift */ = {isa = PBXFileReference; lastKnownFileType = sourcecode.swift; path = ViewController.swift; sourceTree = "<group>"; };
		7A7F34601F4516DC00A43DD7 /* Assets.xcassets */ = {isa = PBXFileReference; lastKnownFileType = folder.assetcatalog; path = Assets.xcassets; sourceTree = "<group>"; };
		7A7F34651F4516DC00A43DD7 /* Info.plist */ = {isa = PBXFileReference; lastKnownFileType = text.plist.xml; path = Info.plist; sourceTree = "<group>"; };
		7A7F346E1F451C1000A43DD7 /* Base */ = {isa = PBXFileReference; lastKnownFileType = file.storyboard; name = Base; path = Base.lproj/LaunchScreen.storyboard; sourceTree = "<group>"; };
		7A7F34701F451C1000A43DD7 /* Base */ = {isa = PBXFileReference; lastKnownFileType = file.storyboard; name = Base; path = Base.lproj/Main.storyboard; sourceTree = "<group>"; };
		7A7F34731F45218F00A43DD7 /* usavskorea.mp3 */ = {isa = PBXFileReference; lastKnownFileType = audio.mp3; path = usavskorea.mp3; sourceTree = "<group>"; };
		7A80ECE01F4A449C00301254 /* GoogleMobileAds.framework */ = {isa = PBXFileReference; lastKnownFileType = wrapper.framework; path = GoogleMobileAds.framework; sourceTree = "<group>"; };
/* End PBXFileReference section */

/* Begin PBXFrameworksBuildPhase section */
		7A7F34531F4516DC00A43DD7 /* Frameworks */ = {
			isa = PBXFrameworksBuildPhase;
			buildActionMask = 2147483647;
			files = (
				7A80ECE11F4A44A900301254 /* GoogleMobileAds.framework in Frameworks */,
			);
			runOnlyForDeploymentPostprocessing = 0;
		};
/* End PBXFrameworksBuildPhase section */

/* Begin PBXGroup section */
		7A7F344D1F4516DC00A43DD7 = {
			isa = PBXGroup;
			children = (
				7A7F34581F4516DC00A43DD7 /* TrumpVsKimBattle */,
				7A7F34571F4516DC00A43DD7 /* Products */,
			);
			sourceTree = "<group>";
		};
		7A7F34571F4516DC00A43DD7 /* Products */ = {
			isa = PBXGroup;
			children = (
				7A7F34561F4516DC00A43DD7 /* TrumpVsKimBattle.app */,
			);
			name = Products;
			sourceTree = "<group>";
		};
		7A7F34581F4516DC00A43DD7 /* TrumpVsKimBattle */ = {
			isa = PBXGroup;
			children = (
				7A80ECE01F4A449C00301254 /* GoogleMobileAds.framework */,
				7A7F34591F4516DC00A43DD7 /* AppDelegate.swift */,
				7A7F345B1F4516DC00A43DD7 /* ViewController.swift */,
				7A7F346D1F451C1000A43DD7 /* LaunchScreen.storyboard */,
				7A7F346F1F451C1000A43DD7 /* Main.storyboard */,
				7A7F34651F4516DC00A43DD7 /* Info.plist */,
				7A7F34601F4516DC00A43DD7 /* Assets.xcassets */,
				7A7F34751F4525D800A43DD7 /* Music */,
			);
			path = TrumpVsKimBattle;
			sourceTree = "<group>";
		};
		7A7F34751F4525D800A43DD7 /* Music */ = {
			isa = PBXGroup;
			children = (
				7A7F34731F45218F00A43DD7 /* usavskorea.mp3 */,
			);
			path = Music;
			sourceTree = "<group>";
		};
/* End PBXGroup section */

/* Begin PBXNativeTarget section */
		7A7F34551F4516DC00A43DD7 /* TrumpVsKimBattle */ = {
			isa = PBXNativeTarget;
			buildConfigurationList = 7A7F34681F4516DC00A43DD7 /* Build configuration list for PBXNativeTarget "TrumpVsKimBattle" */;
			buildPhases = (
				787A438766F6C43B664F479E /* [CP] Check Pods Manifest.lock */,
				7A7F34521F4516DC00A43DD7 /* Sources */,
				7A7F34531F4516DC00A43DD7 /* Frameworks */,
				7A7F34541F4516DC00A43DD7 /* Resources */,
				D99F710078FC9200EB7789D3 /* [CP] Embed Pods Frameworks */,
				6635EFACA8AD33801C244D44 /* [CP] Copy Pods Resources */,
			);
			buildRules = (
			);
			dependencies = (
			);
			name = TrumpVsKimBattle;
			productName = TrumpVsKimBattle;
			productReference = 7A7F34561F4516DC00A43DD7 /* TrumpVsKimBattle.app */;
			productType = "com.apple.product-type.application";
		};
/* End PBXNativeTarget section */

/* Begin PBXProject section */
		7A7F344E1F4516DC00A43DD7 /* Project object */ = {
			isa = PBXProject;
			attributes = {
				LastSwiftUpdateCheck = 0900;
				LastUpgradeCheck = 0900;
				ORGANIZATIONNAME = "Dharma Kshetri";
				TargetAttributes = {
					7A7F34551F4516DC00A43DD7 = {
						CreatedOnToolsVersion = 9.0;
						ProvisioningStyle = Automatic;
					};
				};
			};
			buildConfigurationList = 7A7F34511F4516DC00A43DD7 /* Build configuration list for PBXProject "TrumpVsKimBattle" */;
			compatibilityVersion = "Xcode 8.0";
			developmentRegion = en;
			hasScannedForEncodings = 0;
			knownRegions = (
				en,
				Base,
			);
			mainGroup = 7A7F344D1F4516DC00A43DD7;
			productRefGroup = 7A7F34571F4516DC00A43DD7 /* Products */;
			projectDirPath = "";
			projectRoot = "";
			targets = (
				7A7F34551F4516DC00A43DD7 /* TrumpVsKimBattle */,
			);
		};
/* End PBXProject section */

/* Begin PBXResourcesBuildPhase section */
		7A7F34541F4516DC00A43DD7 /* Resources */ = {
			isa = PBXResourcesBuildPhase;
			buildActionMask = 2147483647;
			files = (
				7A613EA11F4AA293002C8879 /* Info.plist in Resources */,
				7A7F34761F45269A00A43DD7 /* usavskorea.mp3 in Resources */,
				7A7F34611F4516DC00A43DD7 /* Assets.xcassets in Resources */,
				7A1FFF181F4AA6E500ED1286 /* LaunchScreen.storyboard in Resources */,
				7A7F34711F451CE800A43DD7 /* Main.storyboard in Resources */,
			);
			runOnlyForDeploymentPostprocessing = 0;
		};
/* End PBXResourcesBuildPhase section */

/* Begin PBXShellScriptBuildPhase section */
		6635EFACA8AD33801C244D44 /* [CP] Copy Pods Resources */ = {
			isa = PBXShellScriptBuildPhase;
			buildActionMask = 2147483647;
			files = (
			);
			inputPaths = (
			);
			name = "[CP] Copy Pods Resources";
			outputPaths = (
			);
			runOnlyForDeploymentPostprocessing = 0;
			shellPath = /bin/sh;
			shellScript = "";
			showEnvVarsInLog = 0;
		};
		787A438766F6C43B664F479E /* [CP] Check Pods Manifest.lock */ = {
			isa = PBXShellScriptBuildPhase;
			buildActionMask = 2147483647;
			files = (
			);
			inputPaths = (
			);
			name = "[CP] Check Pods Manifest.lock";
			outputPaths = (
			);
			runOnlyForDeploymentPostprocessing = 0;
			shellPath = /bin/sh;
			shellScript = "";
			showEnvVarsInLog = 0;
		};
		D99F710078FC9200EB7789D3 /* [CP] Embed Pods Frameworks */ = {
			isa = PBXShellScriptBuildPhase;
			buildActionMask = 2147483647;
			files = (
			);
			inputPaths = (
			);
			name = "[CP] Embed Pods Frameworks";
			outputPaths = (
			);
			runOnlyForDeploymentPostprocessing = 0;
			shellPath = /bin/sh;
			shellScript = "";
			showEnvVarsInLog = 0;
		};
/* End PBXShellScriptBuildPhase section */

/* Begin PBXSourcesBuildPhase section */
		7A7F34521F4516DC00A43DD7 /* Sources */ = {
			isa = PBXSourcesBuildPhase;
			buildActionMask = 2147483647;
			files = (
				7A7F345C1F4516DC00A43DD7 /* ViewController.swift in Sources */,
				7A7F345A1F4516DC00A43DD7 /* AppDelegate.swift in Sources */,
			);
			runOnlyForDeploymentPostprocessing = 0;
		};
/* End PBXSourcesBuildPhase section */

/* Begin PBXVariantGroup section */
		7A7F346D1F451C1000A43DD7 /* LaunchScreen.storyboard */ = {
			isa = PBXVariantGroup;
			children = (
				7A7F346E1F451C1000A43DD7 /* Base */,
			);
			name = LaunchScreen.storyboard;
			sourceTree = "<group>";
		};
		7A7F346F1F451C1000A43DD7 /* Main.storyboard */ = {
			isa = PBXVariantGroup;
			children = (
				7A7F34701F451C1000A43DD7 /* Base */,
			);
			name = Main.storyboard;
			sourceTree = "<group>";
		};
/* End PBXVariantGroup section */

/* Begin XCBuildConfiguration section */
		7A7F34661F4516DC00A43DD7 /* Debug */ = {
			isa = XCBuildConfiguration;
			buildSettings = {
				ALWAYS_EMBED_SWIFT_STANDARD_LIBRARIES = YES;
				ALWAYS_SEARCH_USER_PATHS = YES;
				CLANG_ANALYZER_NONNULL = YES;
				CLANG_ANALYZER_NUMBER_OBJECT_CONVERSION = YES_AGGRESSIVE;
				CLANG_CXX_LANGUAGE_STANDARD = "gnu++14";
				CLANG_CXX_LIBRARY = "libc++";
				CLANG_ENABLE_MODULES = YES;
				CLANG_ENABLE_OBJC_ARC = YES;
				CLANG_WARN_BLOCK_CAPTURE_AUTORELEASING = YES;
				CLANG_WARN_BOOL_CONVERSION = YES;
				CLANG_WARN_COMMA = YES;
				CLANG_WARN_CONSTANT_CONVERSION = YES;
				CLANG_WARN_DIRECT_OBJC_ISA_USAGE = YES_ERROR;
				CLANG_WARN_DOCUMENTATION_COMMENTS = YES;
				CLANG_WARN_EMPTY_BODY = YES;
				CLANG_WARN_ENUM_CONVERSION = YES;
				CLANG_WARN_INFINITE_RECURSION = YES;
				CLANG_WARN_INT_CONVERSION = YES;
				CLANG_WARN_NON_LITERAL_NULL_CONVERSION = YES;
				CLANG_WARN_OBJC_LITERAL_CONVERSION = YES;
				CLANG_WARN_OBJC_ROOT_CLASS = YES_ERROR;
				CLANG_WARN_RANGE_LOOP_ANALYSIS = YES;
				CLANG_WARN_STRICT_PROTOTYPES = YES;
				CLANG_WARN_SUSPICIOUS_MOVE = YES;
				CLANG_WARN_UNGUARDED_AVAILABILITY = YES_AGGRESSIVE;
				CLANG_WARN_UNREACHABLE_CODE = YES;
				CLANG_WARN__DUPLICATE_METHOD_MATCH = YES;
				CODE_SIGN_IDENTITY = "iPhone Distribution";
				COPY_PHASE_STRIP = NO;
				DEBUG_INFORMATION_FORMAT = dwarf;
				ENABLE_STRICT_OBJC_MSGSEND = YES;
				ENABLE_TESTABILITY = YES;
				FRAMEWORK_SEARCH_PATHS = "$(inherited)";
				GCC_C_LANGUAGE_STANDARD = gnu11;
				GCC_DYNAMIC_NO_PIC = NO;
				GCC_NO_COMMON_BLOCKS = YES;
				GCC_OPTIMIZATION_LEVEL = 0;
				GCC_PREPROCESSOR_DEFINITIONS = (
					"DEBUG=1",
					"$(inherited)",
				);
				GCC_WARN_64_TO_32_BIT_CONVERSION = YES;
				GCC_WARN_ABOUT_RETURN_TYPE = YES_ERROR;
				GCC_WARN_UNDECLARED_SELECTOR = YES;
				GCC_WARN_UNINITIALIZED_AUTOS = YES_AGGRESSIVE;
				GCC_WARN_UNUSED_FUNCTION = YES;
				GCC_WARN_UNUSED_VARIABLE = YES;
				IPHONEOS_DEPLOYMENT_TARGET = 10.3;
				MTL_ENABLE_DEBUG_INFO = YES;
				ONLY_ACTIVE_ARCH = YES;
				PROVISIONING_PROFILE = "";
				SDKROOT = iphoneos;
				SWIFT_ACTIVE_COMPILATION_CONDITIONS = DEBUG;
				SWIFT_OPTIMIZATION_LEVEL = "-Onone";
			};
			name = Debug;
		};
		7A7F34671F4516DC00A43DD7 /* Release */ = {
			isa = XCBuildConfiguration;
			buildSettings = {
				ALWAYS_EMBED_SWIFT_STANDARD_LIBRARIES = YES;
				ALWAYS_SEARCH_USER_PATHS = YES;
				CLANG_ANALYZER_NONNULL = YES;
				CLANG_ANALYZER_NUMBER_OBJECT_CONVERSION = YES_AGGRESSIVE;
				CLANG_CXX_LANGUAGE_STANDARD = "gnu++14";
				CLANG_CXX_LIBRARY = "libc++";
				CLANG_ENABLE_MODULES = YES;
				CLANG_ENABLE_OBJC_ARC = YES;
				CLANG_WARN_BLOCK_CAPTURE_AUTORELEASING = YES;
				CLANG_WARN_BOOL_CONVERSION = YES;
				CLANG_WARN_COMMA = YES;
				CLANG_WARN_CONSTANT_CONVERSION = YES;
				CLANG_WARN_DIRECT_OBJC_ISA_USAGE = YES_ERROR;
				CLANG_WARN_DOCUMENTATION_COMMENTS = YES;
				CLANG_WARN_EMPTY_BODY = YES;
				CLANG_WARN_ENUM_CONVERSION = YES;
				CLANG_WARN_INFINITE_RECURSION = YES;
				CLANG_WARN_INT_CONVERSION = YES;
				CLANG_WARN_NON_LITERAL_NULL_CONVERSION = YES;
				CLANG_WARN_OBJC_LITERAL_CONVERSION = YES;
				CLANG_WARN_OBJC_ROOT_CLASS = YES_ERROR;
				CLANG_WARN_RANGE_LOOP_ANALYSIS = YES;
				CLANG_WARN_STRICT_PROTOTYPES = YES;
				CLANG_WARN_SUSPICIOUS_MOVE = YES;
				CLANG_WARN_UNGUARDED_AVAILABILITY = YES_AGGRESSIVE;
				CLANG_WARN_UNREACHABLE_CODE = YES;
				CLANG_WARN__DUPLICATE_METHOD_MATCH = YES;
				CODE_SIGN_IDENTITY = "iPhone Distribution";
				COPY_PHASE_STRIP = NO;
				DEBUG_INFORMATION_FORMAT = "dwarf-with-dsym";
				ENABLE_NS_ASSERTIONS = NO;
				ENABLE_STRICT_OBJC_MSGSEND = YES;
				ENABLE_TESTABILITY = YES;
				FRAMEWORK_SEARCH_PATHS = "$(inherited)";
				GCC_C_LANGUAGE_STANDARD = gnu11;
				GCC_NO_COMMON_BLOCKS = YES;
				GCC_WARN_64_TO_32_BIT_CONVERSION = YES;
				GCC_WARN_ABOUT_RETURN_TYPE = YES_ERROR;
				GCC_WARN_UNDECLARED_SELECTOR = YES;
				GCC_WARN_UNINITIALIZED_AUTOS = YES_AGGRESSIVE;
				GCC_WARN_UNUSED_FUNCTION = YES;
				GCC_WARN_UNUSED_VARIABLE = YES;
				IPHONEOS_DEPLOYMENT_TARGET = 10.3;
				MTL_ENABLE_DEBUG_INFO = NO;
				PROVISIONING_PROFILE = "";
				SDKROOT = iphoneos;
				SWIFT_OPTIMIZATION_LEVEL = "-Owholemodule";
				VALIDATE_PRODUCT = YES;
			};
			name = Release;
		};
		7A7F34691F4516DC00A43DD7 /* Debug */ = {
			isa = XCBuildConfiguration;
			buildSettings = {
				ALWAYS_EMBED_SWIFT_STANDARD_LIBRARIES = YES;
				ASSETCATALOG_COMPILER_APPICON_NAME = AppIcon;
				CODE_SIGN_IDENTITY = "iPhone Distribution";
				"CODE_SIGN_IDENTITY[sdk=iphoneos*]" = "iPhone Developer";
				CODE_SIGN_STYLE = Automatic;
				DEVELOPMENT_TEAM = DPR9SN89DL;
				ENABLE_BITCODE = NO;
				FRAMEWORK_SEARCH_PATHS = (
					"$(inherited)",
					"$(PROJECT_DIR)/build/Release-iphoneos/GoogleToolboxForMac",
					"$(PROJECT_DIR)/build/Debug-iphoneos/nanopb",
					"$(PROJECT_DIR)/TrumpVsKimBattle",
				);
				GCC_TREAT_INCOMPATIBLE_POINTER_TYPE_WARNINGS_AS_ERRORS = YES;
				INFOPLIST_FILE = TrumpVsKimBattle/Info.plist;
				IPHONEOS_DEPLOYMENT_TARGET = 10.3;
				LD_RUNPATH_SEARCH_PATHS = "$(inherited) @executable_path/Frameworks";
				LIBRARY_SEARCH_PATHS = "./**";
				PRODUCT_BUNDLE_IDENTIFIER = co.prandroid.trumpvskim;
				PRODUCT_NAME = "$(TARGET_NAME)";
				PROVISIONING_PROFILE = "";
				PROVISIONING_PROFILE_SPECIFIER = "";
				SWIFT_VERSION = 3.0;
				TARGETED_DEVICE_FAMILY = 1;
			};
			name = Debug;
		};
		7A7F346A1F4516DC00A43DD7 /* Release */ = {
			isa = XCBuildConfiguration;
			buildSettings = {
				ALWAYS_EMBED_SWIFT_STANDARD_LIBRARIES = YES;
				ASSETCATALOG_COMPILER_APPICON_NAME = AppIcon;
				CODE_SIGN_IDENTITY = "iPhone Distribution";
				"CODE_SIGN_IDENTITY[sdk=iphoneos*]" = "iPhone Developer";
				CODE_SIGN_STYLE = Automatic;
				DEVELOPMENT_TEAM = DPR9SN89DL;
				ENABLE_BITCODE = NO;
				FRAMEWORK_SEARCH_PATHS = (
					"$(inherited)",
					"$(PROJECT_DIR)/build/Release-iphoneos/GoogleToolboxForMac",
					"$(PROJECT_DIR)/build/Debug-iphoneos/nanopb",
					"$(PROJECT_DIR)/TrumpVsKimBattle",
				);
				GCC_TREAT_INCOMPATIBLE_POINTER_TYPE_WARNINGS_AS_ERRORS = YES;
				INFOPLIST_FILE = TrumpVsKimBattle/Info.plist;
				IPHONEOS_DEPLOYMENT_TARGET = 10.3;
				LD_RUNPATH_SEARCH_PATHS = "$(inherited) @executable_path/Frameworks";
				LIBRARY_SEARCH_PATHS = "./**";
				PRODUCT_BUNDLE_IDENTIFIER = co.prandroid.trumpvskim;
				PRODUCT_NAME = "$(TARGET_NAME)";
				PROVISIONING_PROFILE = "";
				PROVISIONING_PROFILE_SPECIFIER = "";
				SWIFT_VERSION = 3.0;
				TARGETED_DEVICE_FAMILY = 1;
			};
			name = Release;
		};
/* End XCBuildConfiguration section */

/* Begin XCConfigurationList section */
		7A7F34511F4516DC00A43DD7 /* Build configuration list for PBXProject "TrumpVsKimBattle" */ = {
			isa = XCConfigurationList;
			buildConfigurations = (
				7A7F34661F4516DC00A43DD7 /* Debug */,
				7A7F34671F4516DC00A43DD7 /* Release */,
			);
			defaultConfigurationIsVisible = 0;
			defaultConfigurationName = Release;
		};
		7A7F34681F4516DC00A43DD7 /* Build configuration list for PBXNativeTarget "TrumpVsKimBattle" */ = {
			isa = XCConfigurationList;
			buildConfigurations = (
				7A7F34691F4516DC00A43DD7 /* Debug */,
				7A7F346A1F4516DC00A43DD7 /* Release */,
			);
			defaultConfigurationIsVisible = 0;
			defaultConfigurationName = Release;
		};
/* End XCConfigurationList section */
	};
	rootObject = 7A7F344E1F4516DC00A43DD7 /* Project object */;
}
